
Microsoft Visual Studio Solution File, Format Version 12.00
# Visual Studio 15
VisualStudioVersion = 15.0.26730.16
MinimumVisualStudioVersion = 10.0.40219.1
Project("{FAE04EC0-301F-11D3-BF4B-00C04F79EFBC}") = "stormbreaker.api", "stormbreaker.api\stormbreaker.api.csproj", "{B3E68D3D-E09D-440B-981B-2DCCE0EA581D}"
EndProject
Global
	GlobalSection(SolutionConfigurationPlatforms) = preSolution
		Debug|Any CPU = Debug|Any CPU
		Release|Any CPU = Release|Any CPU
	EndGlobalSection
	GlobalSection(ProjectConfigurationPlatforms) = postSolution
		{B3E68D3D-E09D-440B-981B-2DCCE0EA581D}.Debug|Any CPU.ActiveCfg = Debug|Any CPU
		{B3E68D3D-E09D-440B-981B-2DCCE0EA581D}.Debug|Any CPU.Build.0 = Debug|Any CPU
		{B3E68D3D-E09D-440B-981B-2DCCE0EA581D}.Release|Any CPU.ActiveCfg = Release|Any CPU
		{B3E68D3D-E09D-440B-981B-2DCCE0EA581D}.Release|Any CPU.Build.0 = Release|Any CPU
	EndGlobalSection
	GlobalSection(SolutionProperties) = preSolution
		HideSolutionNode = FALSE
	EndGlobalSection
	GlobalSection(ExtensibilityGlobals) = postSolution
		SolutionGuid = {79622D81-2FFA-41EC-983E-EDA434A97D5E}
	EndGlobalSection
EndGlobal
